
Microsoft Visual Studio Solution File, Format Version 12.00
# Visual Studio 14
VisualStudioVersion = 14.0.24720.0
MinimumVisualStudioVersion = 10.0.40219.1
Project("{FAE04EC0-301F-11D3-BF4B-00C04F79EFBC}") = "CDGShop.Common", "CDGShop.Common\CDGShop.Common.csproj", "{1814470A-20BB-43F6-8EB0-4786087C1304}"
EndProject
Project("{FAE04EC0-301F-11D3-BF4B-00C04F79EFBC}") = "CDGShop.Model", "CDGShop.Model\CDGShop.Model.csproj", "{DDD6CB9B-3DE9-47CD-866E-59CAC7E29270}"
EndProject
Project("{FAE04EC0-301F-11D3-BF4B-00C04F79EFBC}") = "CDGShop.Service", "CDGShop.Service\CDGShop.Service.csproj", "{413A7727-8480-4A4A-AED4-F5E82E1BC695}"
EndProject
Project("{FAE04EC0-301F-11D3-BF4B-00C04F79EFBC}") = "CDGShop.Data", "CDGShop.Data\CDGShop.Data.csproj", "{E8AB1087-EC84-42D1-B448-252E264DEF86}"
EndProject
Project("{FAE04EC0-301F-11D3-BF4B-00C04F79EFBC}") = "CDGShop.UnitTest", "CDGShop.UnitTest\CDGShop.UnitTest.csproj", "{2C744C36-2284-4C94-A10D-0225B9061172}"
EndProject
Project("{FAE04EC0-301F-11D3-BF4B-00C04F79EFBC}") = "CDGShop.Web", "CDGShop.Web\CDGShop.Web.csproj", "{7066D63F-5F0B-4E80-8017-47B1B33EFF54}"
EndProject
Global
	GlobalSection(SolutionConfigurationPlatforms) = preSolution
		Debug|Any CPU = Debug|Any CPU
		Release|Any CPU = Release|Any CPU
	EndGlobalSection
	GlobalSection(ProjectConfigurationPlatforms) = postSolution
		{1814470A-20BB-43F6-8EB0-4786087C1304}.Debug|Any CPU.ActiveCfg = Debug|Any CPU
		{1814470A-20BB-43F6-8EB0-4786087C1304}.Debug|Any CPU.Build.0 = Debug|Any CPU
		{1814470A-20BB-43F6-8EB0-4786087C1304}.Release|Any CPU.ActiveCfg = Release|Any CPU
		{1814470A-20BB-43F6-8EB0-4786087C1304}.Release|Any CPU.Build.0 = Release|Any CPU
		{DDD6CB9B-3DE9-47CD-866E-59CAC7E29270}.Debug|Any CPU.ActiveCfg = Debug|Any CPU
		{DDD6CB9B-3DE9-47CD-866E-59CAC7E29270}.Debug|Any CPU.Build.0 = Debug|Any CPU
		{DDD6CB9B-3DE9-47CD-866E-59CAC7E29270}.Release|Any CPU.ActiveCfg = Release|Any CPU
		{DDD6CB9B-3DE9-47CD-866E-59CAC7E29270}.Release|Any CPU.Build.0 = Release|Any CPU
		{413A7727-8480-4A4A-AED4-F5E82E1BC695}.Debug|Any CPU.ActiveCfg = Debug|Any CPU
		{413A7727-8480-4A4A-AED4-F5E82E1BC695}.Debug|Any CPU.Build.0 = Debug|Any CPU
		{413A7727-8480-4A4A-AED4-F5E82E1BC695}.Release|Any CPU.ActiveCfg = Release|Any CPU
		{413A7727-8480-4A4A-AED4-F5E82E1BC695}.Release|Any CPU.Build.0 = Release|Any CPU
		{E8AB1087-EC84-42D1-B448-252E264DEF86}.Debug|Any CPU.ActiveCfg = Debug|Any CPU
		{E8AB1087-EC84-42D1-B448-252E264DEF86}.Debug|Any CPU.Build.0 = Debug|Any CPU
		{E8AB1087-EC84-42D1-B448-252E264DEF86}.Release|Any CPU.ActiveCfg = Release|Any CPU
		{E8AB1087-EC84-42D1-B448-252E264DEF86}.Release|Any CPU.Build.0 = Release|Any CPU
		{2C744C36-2284-4C94-A10D-0225B9061172}.Debug|Any CPU.ActiveCfg = Debug|Any CPU
		{2C744C36-2284-4C94-A10D-0225B9061172}.Debug|Any CPU.Build.0 = Debug|Any CPU
		{2C744C36-2284-4C94-A10D-0225B9061172}.Release|Any CPU.ActiveCfg = Release|Any CPU
		{2C744C36-2284-4C94-A10D-0225B9061172}.Release|Any CPU.Build.0 = Release|Any CPU
		{7066D63F-5F0B-4E80-8017-47B1B33EFF54}.Debug|Any CPU.ActiveCfg = Debug|Any CPU
		{7066D63F-5F0B-4E80-8017-47B1B33EFF54}.Debug|Any CPU.Build.0 = Debug|Any CPU
		{7066D63F-5F0B-4E80-8017-47B1B33EFF54}.Release|Any CPU.ActiveCfg = Release|Any CPU
		{7066D63F-5F0B-4E80-8017-47B1B33EFF54}.Release|Any CPU.Build.0 = Release|Any CPU
	EndGlobalSection
	GlobalSection(SolutionProperties) = preSolution
		HideSolutionNode = FALSE
	EndGlobalSection
EndGlobal
